
Microsoft Visual Studio Solution File, Format Version 12.00
# Visual Studio Version 16
VisualStudioVersion = 16.0.808.3
MinimumVisualStudioVersion = 10.0.40219.1
Project("{FAE04EC0-301F-11D3-BF4B-00C04F79EFBC}") = "BookListRazor", "BookListRazor\BookListRazor.csproj", "{2BD14790-7C26-462C-91FB-17373FC63EAA}"
EndProject
Global
	GlobalSection(SolutionConfigurationPlatforms) = preSolution
		Debug|Any CPU = Debug|Any CPU
		Release|Any CPU = Release|Any CPU
	EndGlobalSection
	GlobalSection(ProjectConfigurationPlatforms) = postSolution
		{2BD14790-7C26-462C-91FB-17373FC63EAA}.Debug|Any CPU.ActiveCfg = Debug|Any CPU
		{2BD14790-7C26-462C-91FB-17373FC63EAA}.Debug|Any CPU.Build.0 = Debug|Any CPU
		{2BD14790-7C26-462C-91FB-17373FC63EAA}.Release|Any CPU.ActiveCfg = Release|Any CPU
		{2BD14790-7C26-462C-91FB-17373FC63EAA}.Release|Any CPU.Build.0 = Release|Any CPU
	EndGlobalSection
	GlobalSection(SolutionProperties) = preSolution
		HideSolutionNode = FALSE
	EndGlobalSection
	GlobalSection(ExtensibilityGlobals) = postSolution
		SolutionGuid = {52F89A44-C2AC-4DC8-A2EA-AD25271E341E}
	EndGlobalSection
EndGlobal
